{
  "name": "scharff",
  "version": "1.0.0",
  "lockfileVersion": 2,
  "requires": true,
  "packages": {
    "": {
      "name": "scharff",
      "version": "1.0.0",
      "license": "ISC",
      "dependencies": {
        "fetch-intercept": "^2.4.0"
      }
    },
    "node_modules/fetch-intercept": {
      "version": "2.4.0",
      "resolved": "https://registry.npmjs.org/fetch-intercept/-/fetch-intercept-2.4.0.tgz",
      "integrity": "sha512-BPZ2LM9Dh1ua2ovQf03N6rhWg1qxdVD5qK/G4llvcemt6M+jjxCuIDxJ+6IiG+uz//3UQmgfKEv0gOGvYIxZ7g=="
    }
  },
  "dependencies": {
    "fetch-intercept": {
      "version": "2.4.0",
      "resolved": "https://registry.npmjs.org/fetch-intercept/-/fetch-intercept-2.4.0.tgz",
      "integrity": "sha512-BPZ2LM9Dh1ua2ovQf03N6rhWg1qxdVD5qK/G4llvcemt6M+jjxCuIDxJ+6IiG+uz//3UQmgfKEv0gOGvYIxZ7g=="
    }
  }
}
